
Microsoft Visual Studio Solution File, Format Version 11.00
# Visual Studio 2010
Project("{FAE04EC0-301F-11D3-BF4B-00C04F79EFBC}") = "Assembly-CSharp-firstpass", "Assembly-CSharp-firstpass.csproj", "{1e889867-bf41-cb0e-632f-f3e6795f0680}"
EndProject
Project("{FAE04EC0-301F-11D3-BF4B-00C04F79EFBC}") = "Assembly-CSharp", "Assembly-CSharp.csproj", "{935d22a3-843b-230d-dd0d-792050813560}"
EndProject
Project("{FAE04EC0-301F-11D3-BF4B-00C04F79EFBC}") = "Assembly-CSharp-Editor", "Assembly-CSharp-Editor.csproj", "{4082f3df-ab81-84d1-4779-b7b010094cde}"
EndProject
Global
	GlobalSection(SolutionConfigurationPlatforms) = preSolution
		Debug|Any CPU = Debug|Any CPU
	EndGlobalSection
	GlobalSection(ProjectConfigurationPlatforms) = postSolution
		{1e889867-bf41-cb0e-632f-f3e6795f0680}.Debug|Any CPU.ActiveCfg = Debug|Any CPU
		{1e889867-bf41-cb0e-632f-f3e6795f0680}.Debug|Any CPU.Build.0 = Debug|Any CPU
		{935d22a3-843b-230d-dd0d-792050813560}.Debug|Any CPU.ActiveCfg = Debug|Any CPU
		{935d22a3-843b-230d-dd0d-792050813560}.Debug|Any CPU.Build.0 = Debug|Any CPU
		{4082f3df-ab81-84d1-4779-b7b010094cde}.Debug|Any CPU.ActiveCfg = Debug|Any CPU
		{4082f3df-ab81-84d1-4779-b7b010094cde}.Debug|Any CPU.Build.0 = Debug|Any CPU
	EndGlobalSection
	GlobalSection(SolutionProperties) = preSolution
		HideSolutionNode = FALSE
	EndGlobalSection
EndGlobal
